
Microsoft Visual Studio Solution File, Format Version 12.00
# Visual Studio Version 17
VisualStudioVersion = 17.13.35806.99 d17.13
MinimumVisualStudioVersion = 10.0.40219.1
Project("{FAE04EC0-301F-11D3-BF4B-00C04F79EFBC}") = "FS0924_S14-L1", "FS0924_S14-L1\FS0924_S14-L1.csproj", "{A5D5AA9E-B152-451A-A539-CB6B50881B29}"
EndProject
Global
	GlobalSection(SolutionConfigurationPlatforms) = preSolution
		Debug|Any CPU = Debug|Any CPU
		Release|Any CPU = Release|Any CPU
	EndGlobalSection
	GlobalSection(ProjectConfigurationPlatforms) = postSolution
		{A5D5AA9E-B152-451A-A539-CB6B50881B29}.Debug|Any CPU.ActiveCfg = Debug|Any CPU
		{A5D5AA9E-B152-451A-A539-CB6B50881B29}.Debug|Any CPU.Build.0 = Debug|Any CPU
		{A5D5AA9E-B152-451A-A539-CB6B50881B29}.Release|Any CPU.ActiveCfg = Release|Any CPU
		{A5D5AA9E-B152-451A-A539-CB6B50881B29}.Release|Any CPU.Build.0 = Release|Any CPU
	EndGlobalSection
	GlobalSection(SolutionProperties) = preSolution
		HideSolutionNode = FALSE
	EndGlobalSection
	GlobalSection(ExtensibilityGlobals) = postSolution
		SolutionGuid = {9E51AF5C-2F6E-424D-961C-B901649BF958}
	EndGlobalSection
EndGlobal
